{
  "name": "spree",
  "lockfileVersion": 3,
  "requires": true,
  "packages": {
    "": {
      "name": "spree",
      "hasInstallScript": true,
      "devDependencies": {
        "turbo": "^2.5.0"
      },
      "engines": {
        "node": ">=20"
      }
    },
    "node_modules/turbo": {
      "version": "2.8.17",
      "resolved": "https://registry.npmjs.org/turbo/-/turbo-2.8.17.tgz",
      "integrity": "sha512-YwPsNSqU2f/RXU/+Kcb7cPkPZARxom4+me7LKEdN5jsvy2tpfze3zDZ4EiGrJnvOm9Avu9rK0aaYsP7qZ3iz7A==",
      "dev": true,
      "license": "MIT",
      "bin": {
        "turbo": "bin/turbo"
      },
      "optionalDependencies": {
        "turbo-darwin-64": "2.8.17",
        "turbo-darwin-arm64": "2.8.17",
        "turbo-linux-64": "2.8.17",
        "turbo-linux-arm64": "2.8.17",
        "turbo-windows-64": "2.8.17",
        "turbo-windows-arm64": "2.8.17"
      }
    },
    "node_modules/turbo-darwin-64": {
      "version": "2.8.17",
      "resolved": "https://registry.npmjs.org/turbo-darwin-64/-/turbo-darwin-64-2.8.17.tgz",
      "integrity": "sha512-ZFkv2hv7zHpAPEXBF6ouRRXshllOavYc+jjcrYyVHvxVTTwJWsBZwJ/gpPzmOKGvkSjsEyDO5V6aqqtZzwVF+Q==",
      "cpu": [
        "x64"
      ],
      "dev": true,
      "license": "MIT",
      "optional": true,
      "os": [
        "darwin"
      ]
    },
    "node_modules/turbo-darwin-arm64": {
      "version": "2.8.17",
      "resolved": "https://registry.npmjs.org/turbo-darwin-arm64/-/turbo-darwin-arm64-2.8.17.tgz",
      "integrity": "sha512-5DXqhQUt24ycEryXDfMNKEkW5TBHs+QmU23a2qxXwwFDaJsWcPo2obEhBxxdEPOv7qmotjad+09RGeWCcJ9JDw==",
      "cpu": [
        "arm64"
      ],
      "dev": true,
      "license": "MIT",
      "optional": true,
      "os": [
        "darwin"
      ]
    },
    "node_modules/turbo-linux-64": {
      "version": "2.8.17",
      "resolved": "https://registry.npmjs.org/turbo-linux-64/-/turbo-linux-64-2.8.17.tgz",
      "integrity": "sha512-KLUbz6w7F73D/Ihh51hVagrKR0/CTsPEbRkvXLXvoND014XJ4BCrQUqSxlQ4/hu+nqp1v5WlM85/h3ldeyujuA==",
      "cpu": [
        "x64"
      ],
      "dev": true,
      "license": "MIT",
      "optional": true,
      "os": [
        "linux"
      ]
    },
    "node_modules/turbo-linux-arm64": {
      "version": "2.8.17",
      "resolved": "https://registry.npmjs.org/turbo-linux-arm64/-/turbo-linux-arm64-2.8.17.tgz",
      "integrity": "sha512-pJK67XcNJH40lTAjFu7s/rUlobgVXyB3A3lDoq+/JccB3hf+SysmkpR4Itlc93s8LEaFAI4mamhFuTV17Z6wOg==",
      "cpu": [
        "arm64"
      ],
      "dev": true,
      "license": "MIT",
      "optional": true,
      "os": [
        "linux"
      ]
    },
    "node_modules/turbo-windows-64": {
      "version": "2.8.17",
      "resolved": "https://registry.npmjs.org/turbo-windows-64/-/turbo-windows-64-2.8.17.tgz",
      "integrity": "sha512-EijeQ6zszDMmGZLP2vT2RXTs/GVi9rM0zv2/G4rNu2SSRSGFapgZdxgW4b5zUYLVaSkzmkpWlGfPfj76SW9yUg==",
      "cpu": [
        "x64"
      ],
      "dev": true,
      "license": "MIT",
      "optional": true,
      "os": [
        "win32"
      ]
    },
    "node_modules/turbo-windows-arm64": {
      "version": "2.8.17",
      "resolved": "https://registry.npmjs.org/turbo-windows-arm64/-/turbo-windows-arm64-2.8.17.tgz",
      "integrity": "sha512-crpfeMPkfECd4V1PQ/hMoiyVcOy04+bWedu/if89S15WhOalHZ2BYUi6DOJhZrszY+mTT99OwpOsj4wNfb/GHQ==",
      "cpu": [
        "arm64"
      ],
      "dev": true,
      "license": "MIT",
      "optional": true,
      "os": [
        "win32"
      ]
    }
  }
}
