GIT
  remote: https://github.com/spree/spree_stripe.git
  revision: 2c9791452b1769573f0815d21c1d778f579f1dd2
  specs:
    spree_stripe (1.5.1)
      spree (>= 5.3.0)
      spree_admin (>= 5.3.0)
      stripe (>= 10.1, < 19)
      stripe_event (~> 2.14)

PATH
  remote: ../spree/admin
  specs:
    spree_admin (5.4.0.alpha)
      active_link_to
      breadcrumbs_on_rails (~> 4.1)
      chartkick (~> 5.0)
      groupdate (~> 6.2)
      hightop (~> 0.3)
      importmap-rails
      inline_svg (~> 1.10)
      local_time (~> 3.0)
      mapkick-rb (~> 0.1)
      pagy (~> 43.0)
      spree (>= 5.4.0.alpha)
      stimulus-rails
      tailwindcss-rails (>= 4.0)
      tailwindcss-ruby (>= 4.0)
      tinymce-rails (~> 6.8.5)
      turbo-rails

PATH
  remote: ../spree/emails
  specs:
    spree_emails (5.4.0.alpha)
      spree (>= 5.4.0.alpha)

PATH
  remote: ../spree
  specs:
    spree (5.4.0.alpha)
      spree_api (= 5.4.0.alpha)
      spree_core (= 5.4.0.alpha)
    spree_api (5.4.0.alpha)
      alba (~> 3.0)
      oj (~> 3.16)
      pagy (~> 43.0)
      spree_core (= 5.4.0.alpha)
      typelizer (~> 0.8)
    spree_core (5.4.0.alpha)
      active_storage_validations (= 1.3.0)
      activemerchant (~> 1.67)
      acts-as-taggable-on
      acts_as_list (>= 0.8)
      any_ascii (~> 0.3.2)
      ar_lazy_preload (~> 2.0)
      awesome_nested_set (~> 3.3, >= 3.3.1)
      bcrypt (~> 3.1)
      benchmark
      cancancan (~> 3.2)
      carmen (>= 1.0)
      countries
      friendly_id (~> 5.2, >= 5.2.1)
      friendly_id-mobility (~> 1.0)
      geocoder
      highline (>= 2, < 4)
      image_processing (~> 1.2)
      jwt (~> 3.1)
      mobility (~> 1.3, >= 1.3.2)
      mobility-actiontext (~> 1.1)
      mobility-ransack (~> 1.2)
      monetize (~> 1.9)
      money (~> 6.13)
      name_of_person (~> 1.1)
      ostruct
      paranoia (>= 2.4)
      phonelib (~> 0.10)
      rails (>= 7.2, < 8.2)
      ransack (>= 4.1)
      rexml
      ruby-oembed (~> 0.18)
      safely_block (~> 0.4)
      sqids (~> 0.2)
      state_machines-activemodel (~> 0.100)
      state_machines-activerecord (~> 0.100)
      stringex
      tracking_number
      validates_zipcode
      wannabe_bool

GEM
  remote: https://rubygems.org/
  specs:
    action_text-trix (2.1.16)
      railties
    actioncable (8.1.2)
      actionpack (= 8.1.2)
      activesupport (= 8.1.2)
      nio4r (~> 2.0)
      websocket-driver (>= 0.6.1)
      zeitwerk (~> 2.6)
    actionmailbox (8.1.2)
      actionpack (= 8.1.2)
      activejob (= 8.1.2)
      activerecord (= 8.1.2)
      activestorage (= 8.1.2)
      activesupport (= 8.1.2)
      mail (>= 2.8.0)
    actionmailer (8.1.2)
      actionpack (= 8.1.2)
      actionview (= 8.1.2)
      activejob (= 8.1.2)
      activesupport (= 8.1.2)
      mail (>= 2.8.0)
      rails-dom-testing (~> 2.2)
    actionpack (8.1.2)
      actionview (= 8.1.2)
      activesupport (= 8.1.2)
      nokogiri (>= 1.8.5)
      rack (>= 2.2.4)
      rack-session (>= 1.0.1)
      rack-test (>= 0.6.3)
      rails-dom-testing (~> 2.2)
      rails-html-sanitizer (~> 1.6)
      useragent (~> 0.16)
    actiontext (8.1.2)
      action_text-trix (~> 2.1.15)
      actionpack (= 8.1.2)
      activerecord (= 8.1.2)
      activestorage (= 8.1.2)
      activesupport (= 8.1.2)
      globalid (>= 0.6.0)
      nokogiri (>= 1.8.5)
    actionview (8.1.2)
      activesupport (= 8.1.2)
      builder (~> 3.1)
      erubi (~> 1.11)
      rails-dom-testing (~> 2.2)
      rails-html-sanitizer (~> 1.6)
    active_link_to (1.0.5)
      actionpack
      addressable
    active_storage_validations (1.3.0)
      activejob (>= 6.1.4)
      activemodel (>= 6.1.4)
      activestorage (>= 6.1.4)
      activesupport (>= 6.1.4)
    activejob (8.1.2)
      activesupport (= 8.1.2)
      globalid (>= 0.3.6)
    activemerchant (1.137.0)
      activesupport (>= 4.2)
      builder (>= 2.1.2, < 4.0.0)
      i18n (>= 0.6.9)
      nokogiri (~> 1.4)
      rexml (~> 3.3, >= 3.3.4)
    activemodel (8.1.2)
      activesupport (= 8.1.2)
    activerecord (8.1.2)
      activemodel (= 8.1.2)
      activesupport (= 8.1.2)
      timeout (>= 0.4.0)
    activestorage (8.1.2)
      actionpack (= 8.1.2)
      activejob (= 8.1.2)
      activerecord (= 8.1.2)
      activesupport (= 8.1.2)
      marcel (~> 1.0)
    activesupport (8.1.2)
      base64
      bigdecimal
      concurrent-ruby (~> 1.0, >= 1.3.1)
      connection_pool (>= 2.2.5)
      drb
      i18n (>= 1.6, < 2)
      json
      logger (>= 1.4.2)
      minitest (>= 5.1)
      securerandom (>= 0.3)
      tzinfo (~> 2.0, >= 2.0.5)
      uri (>= 0.13.1)
    acts-as-taggable-on (13.0.0)
      activerecord (>= 7.1, < 8.2)
      zeitwerk (>= 2.4, < 3.0)
    acts_as_list (1.2.6)
      activerecord (>= 6.1)
      activesupport (>= 6.1)
    addressable (2.8.8)
      public_suffix (>= 2.0.2, < 8.0)
    alba (3.10.0)
    any_ascii (0.3.3)
    ar_lazy_preload (2.1.1)
    ast (2.4.3)
    async (2.36.0)
      console (~> 1.29)
      fiber-annotation
      io-event (~> 1.11)
      metrics (~> 0.12)
      traces (~> 0.18)
    async-http (0.94.2)
      async (>= 2.10.2)
      async-pool (~> 0.11)
      io-endpoint (~> 0.14)
      io-stream (~> 0.6)
      metrics (~> 0.12)
      protocol-http (~> 0.58)
      protocol-http1 (~> 0.36)
      protocol-http2 (~> 0.22)
      protocol-url (~> 0.2)
      traces (~> 0.10)
    async-http-faraday (0.22.1)
      async-http (~> 0.42)
      faraday
    async-pool (0.11.1)
      async (>= 2.0)
    awesome_nested_set (3.9.0)
      activerecord (>= 4.0.0, < 8.2)
    awesome_print (1.9.2)
    base64 (0.3.0)
    bcrypt (3.1.21)
    benchmark (0.5.0)
    bigdecimal (4.0.1)
    bindex (0.8.1)
    bootsnap (1.23.0)
      msgpack (~> 1.2)
    brakeman (8.0.2)
      racc
    breadcrumbs_on_rails (4.1.0)
      railties (>= 5.0)
    builder (3.3.0)
    bundler-audit (0.9.3)
      bundler (>= 1.2.0)
      thor (~> 1.0)
    cancancan (3.6.1)
    capybara (3.40.0)
      addressable
      matrix
      mini_mime (>= 0.1.3)
      nokogiri (~> 1.11)
      rack (>= 1.6.0)
      rack-test (>= 0.6.3)
      regexp_parser (>= 1.5, < 3.0)
      xpath (~> 3.2)
    capybara-screenshot (1.0.26)
      capybara (>= 1.0, < 4)
      launchy
    carmen (1.1.3)
      activesupport (>= 3.0.0)
    chartkick (5.2.1)
    childprocess (5.1.0)
      logger (~> 1.5)
    coderay (1.1.3)
    concurrent-ruby (1.3.6)
    connection_pool (3.0.2)
    console (1.34.3)
      fiber-annotation
      fiber-local (~> 1.1)
      json
    countries (8.1.0)
      unaccent (~> 0.3)
    crass (1.0.6)
    csv (3.3.5)
    database_cleaner (2.1.0)
      database_cleaner-active_record (>= 2, < 3)
    database_cleaner-active_record (2.2.2)
      activerecord (>= 5.a)
      database_cleaner-core (~> 2.0)
    database_cleaner-core (2.0.1)
    date (3.5.1)
    debug (1.11.1)
      irb (~> 1.10)
      reline (>= 0.3.8)
    devise (5.0.1)
      bcrypt (~> 3.0)
      orm_adapter (~> 0.1)
      railties (>= 7.0)
      responders
      warden (~> 1.2.3)
    diff-lcs (1.6.2)
    docile (1.4.1)
    dotenv (3.2.0)
    drb (2.2.3)
    erb (6.0.1)
    erubi (1.13.1)
    et-orbi (1.4.0)
      tzinfo
    factory_bot (6.5.6)
      activesupport (>= 6.1.0)
    factory_bot_rails (6.5.1)
      factory_bot (~> 6.5)
      railties (>= 6.1.0)
    faraday (2.14.1)
      faraday-net_http (>= 2.0, < 3.5)
      json
      logger
    faraday-http-cache (2.6.1)
      faraday (>= 0.8)
    faraday-net_http (3.4.2)
      net-http (~> 0.5)
    ffaker (2.25.0)
    ffi (1.17.3-aarch64-linux-gnu)
    ffi (1.17.3-aarch64-linux-musl)
    ffi (1.17.3-arm-linux-gnu)
    ffi (1.17.3-arm-linux-musl)
    ffi (1.17.3-arm64-darwin)
    ffi (1.17.3-x86_64-darwin)
    ffi (1.17.3-x86_64-linux-gnu)
    ffi (1.17.3-x86_64-linux-musl)
    fiber-annotation (0.2.0)
    fiber-local (1.1.0)
      fiber-storage
    fiber-storage (1.0.1)
    friendly_id (5.5.1)
      activerecord (>= 4.0.0)
    friendly_id-mobility (1.0.5)
      friendly_id (>= 5.0.0, < 5.6)
      mobility (>= 1.0.1, < 2.0)
    fugit (1.12.1)
      et-orbi (~> 1.4)
      raabro (~> 1.4)
    gem-release (2.2.4)
    geocoder (1.8.6)
      base64 (>= 0.1.0)
      csv (>= 3.0.0)
    github_changelog_generator (1.16.4)
      activesupport
      async (>= 1.25.0)
      async-http-faraday
      faraday-http-cache
      multi_json
      octokit (~> 4.6)
      rainbow (>= 2.2.1)
      rake (>= 10.0)
    globalid (1.3.0)
      activesupport (>= 6.1)
    groupdate (6.7.0)
      activesupport (>= 7.1)
    highline (3.1.2)
      reline
    hightop (0.6.0)
      activesupport (>= 7.1)
    i18n (1.14.8)
      concurrent-ruby (~> 1.0)
    i18n-tasks (1.1.2)
      activesupport (>= 4.0.2)
      ast (>= 2.1.0)
      erubi
      highline (>= 3.0.0)
      i18n
      parser (>= 3.2.2.1)
      prism
      rails-i18n
      rainbow (>= 2.2.2, < 4.0)
      ruby-progressbar (~> 1.8, >= 1.8.1)
      terminal-table (>= 1.5.1)
    i18n_data (1.1.0)
      simple_po_parser (~> 1.1)
    image_processing (1.14.0)
      mini_magick (>= 4.9.5, < 6)
      ruby-vips (>= 2.0.17, < 3)
    importmap-rails (2.2.3)
      actionpack (>= 6.0.0)
      activesupport (>= 6.0.0)
      railties (>= 6.0.0)
    inline_svg (1.10.0)
      activesupport (>= 3.0)
      nokogiri (>= 1.6)
    io-console (0.8.2)
    io-endpoint (0.17.2)
    io-event (1.14.2)
    io-stream (0.11.1)
    irb (1.17.0)
      pp (>= 0.6.0)
      prism (>= 1.3.0)
      rdoc (>= 4.0.0)
      reline (>= 0.4.2)
    json (2.18.1)
    jsonapi-rspec (0.0.11)
      rspec-core
      rspec-expectations
    jwt (3.1.2)
      base64
    kaminari (1.2.2)
      activesupport (>= 4.1.0)
      kaminari-actionview (= 1.2.2)
      kaminari-activerecord (= 1.2.2)
      kaminari-core (= 1.2.2)
    kaminari-actionview (1.2.2)
      actionview
      kaminari-core (= 1.2.2)
    kaminari-activerecord (1.2.2)
      activerecord
      kaminari-core (= 1.2.2)
    kaminari-core (1.2.2)
    kaminari-i18n (0.5.0)
      kaminari
      rails
    language_server-protocol (3.17.0.5)
    launchy (3.1.1)
      addressable (~> 2.8)
      childprocess (~> 5.0)
      logger (~> 1.6)
    letter_opener (1.10.0)
      launchy (>= 2.2, < 4)
    lint_roller (1.1.0)
    listen (3.10.0)
      logger
      rb-fsevent (~> 0.10, >= 0.10.3)
      rb-inotify (~> 0.9, >= 0.9.10)
    local_time (3.0.3)
    logger (1.7.0)
    loofah (2.25.0)
      crass (~> 1.0.2)
      nokogiri (>= 1.12.0)
    mail (2.9.0)
      logger
      mini_mime (>= 0.1.1)
      net-imap
      net-pop
      net-smtp
    mapkick-rb (0.2.0)
    marcel (1.1.0)
    matrix (0.4.3)
    method_source (1.1.0)
    metrics (0.15.0)
    mini_magick (5.3.1)
      logger
    mini_mime (1.1.5)
    minitest (6.0.1)
      prism (~> 1.5)
    mobility (1.3.2)
      i18n (>= 0.6.10, < 2)
      request_store (~> 1.0)
    mobility-actiontext (1.1.1)
      actiontext (>= 6.0)
      mobility (~> 1.2)
    mobility-ransack (1.2.2)
      mobility (>= 1.0.1, < 2.0)
      ransack (>= 1.8.0, < 5.0)
    monetize (1.13.0)
      money (~> 6.12)
    money (6.19.0)
      i18n (>= 0.6.4, <= 2)
    msgpack (1.8.0)
    multi_json (1.19.1)
    name_of_person (1.1.3)
      activesupport (>= 5.2.0)
    net-http (0.9.1)
      uri (>= 0.11.1)
    net-imap (0.6.3)
      date
      net-protocol
    net-pop (0.1.2)
      net-protocol
    net-protocol (0.2.2)
      timeout
    net-smtp (0.5.1)
      net-protocol
    nio4r (2.7.5)
    nokogiri (1.19.1-aarch64-linux-gnu)
      racc (~> 1.4)
    nokogiri (1.19.1-aarch64-linux-musl)
      racc (~> 1.4)
    nokogiri (1.19.1-arm-linux-gnu)
      racc (~> 1.4)
    nokogiri (1.19.1-arm-linux-musl)
      racc (~> 1.4)
    nokogiri (1.19.1-arm64-darwin)
      racc (~> 1.4)
    nokogiri (1.19.1-x86_64-darwin)
      racc (~> 1.4)
    nokogiri (1.19.1-x86_64-linux-gnu)
      racc (~> 1.4)
    nokogiri (1.19.1-x86_64-linux-musl)
      racc (~> 1.4)
    octokit (4.25.1)
      faraday (>= 1, < 3)
      sawyer (~> 0.9)
    oj (3.16.15)
      bigdecimal (>= 3.0)
      ostruct (>= 0.2)
    orm_adapter (0.5.0)
    ostruct (0.6.3)
    pagy (43.2.10)
      json
      uri
      yaml
    parallel (1.27.0)
    paranoia (3.1.0)
      activerecord (>= 7, < 8.2)
    parser (3.3.10.2)
      ast (~> 2.4.1)
      racc
    pg (1.6.3)
    pg (1.6.3-aarch64-linux)
    pg (1.6.3-aarch64-linux-musl)
    pg (1.6.3-arm64-darwin)
    pg (1.6.3-x86_64-darwin)
    pg (1.6.3-x86_64-linux)
    pg (1.6.3-x86_64-linux-musl)
    phonelib (0.10.16)
    pp (0.6.3)
      prettyprint
    prettyprint (0.2.0)
    prism (1.9.0)
    propshaft (1.3.1)
      actionpack (>= 7.0.0)
      activesupport (>= 7.0.0)
      rack
    protocol-hpack (1.5.1)
    protocol-http (0.59.0)
    protocol-http1 (0.37.0)
      protocol-http (~> 0.58)
    protocol-http2 (0.24.0)
      protocol-hpack (~> 1.4)
      protocol-http (~> 0.47)
    protocol-url (0.4.0)
    pry (0.16.0)
      coderay (~> 1.1)
      method_source (~> 1.0)
      reline (>= 0.6.0)
    psych (5.3.1)
      date
      stringio
    public_suffix (7.0.2)
    puma (7.2.0)
      nio4r (~> 2.0)
    raabro (1.4.0)
    racc (1.8.1)
    rack (3.2.5)
    rack-session (2.1.1)
      base64 (>= 0.1.0)
      rack (>= 3.0.0)
    rack-test (2.2.0)
      rack (>= 1.3)
    rackup (2.3.1)
      rack (>= 3)
    rails (8.1.2)
      actioncable (= 8.1.2)
      actionmailbox (= 8.1.2)
      actionmailer (= 8.1.2)
      actionpack (= 8.1.2)
      actiontext (= 8.1.2)
      actionview (= 8.1.2)
      activejob (= 8.1.2)
      activemodel (= 8.1.2)
      activerecord (= 8.1.2)
      activestorage (= 8.1.2)
      activesupport (= 8.1.2)
      bundler (>= 1.15.0)
      railties (= 8.1.2)
    rails-controller-testing (1.0.5)
      actionpack (>= 5.0.1.rc1)
      actionview (>= 5.0.1.rc1)
      activesupport (>= 5.0.1.rc1)
    rails-dom-testing (2.3.0)
      activesupport (>= 5.0.0)
      minitest
      nokogiri (>= 1.6)
    rails-html-sanitizer (1.6.2)
      loofah (~> 2.21)
      nokogiri (>= 1.15.7, != 1.16.7, != 1.16.6, != 1.16.5, != 1.16.4, != 1.16.3, != 1.16.2, != 1.16.1, != 1.16.0.rc1, != 1.16.0)
    rails-i18n (8.1.0)
      i18n (>= 0.7, < 2)
      railties (>= 8.0.0, < 9)
    railties (8.1.2)
      actionpack (= 8.1.2)
      activesupport (= 8.1.2)
      irb (~> 1.13)
      rackup (>= 1.0.0)
      rake (>= 12.2)
      thor (~> 1.0, >= 1.2.2)
      tsort (>= 0.2)
      zeitwerk (~> 2.6)
    rainbow (3.1.1)
    rake (13.3.1)
    ransack (4.4.1)
      activerecord (>= 7.2)
      activesupport (>= 7.2)
      i18n
    rb-fsevent (0.11.2)
    rb-inotify (0.11.1)
      ffi (~> 1.0)
    rbs (3.10.3)
      logger
      tsort
    rdoc (7.2.0)
      erb
      psych (>= 4.0.0)
      tsort
    regexp_parser (2.11.3)
    reline (0.6.3)
      io-console (~> 0.5)
    request_store (1.7.0)
      rack (>= 1.4)
    responders (3.2.0)
      actionpack (>= 7.0)
      railties (>= 7.0)
    rexml (3.4.4)
    rspec-activemodel-mocks (1.3.0)
      activemodel (>= 3.0)
      activesupport (>= 3.0)
      rspec-mocks (>= 2.99, < 4.0)
    rspec-core (3.13.6)
      rspec-support (~> 3.13.0)
    rspec-expectations (3.13.5)
      diff-lcs (>= 1.2.0, < 2.0)
      rspec-support (~> 3.13.0)
    rspec-mocks (3.13.7)
      diff-lcs (>= 1.2.0, < 2.0)
      rspec-support (~> 3.13.0)
    rspec-rails (8.0.3)
      actionpack (>= 7.2)
      activesupport (>= 7.2)
      railties (>= 7.2)
      rspec-core (~> 3.13)
      rspec-expectations (~> 3.13)
      rspec-mocks (~> 3.13)
      rspec-support (~> 3.13)
    rspec-retry (0.6.2)
      rspec-core (> 3.3)
    rspec-support (3.13.7)
    rspec_junit_formatter (0.6.0)
      rspec-core (>= 2, < 4, != 2.12.0)
    rubocop (1.84.2)
      json (~> 2.3)
      language_server-protocol (~> 3.17.0.2)
      lint_roller (~> 1.1.0)
      parallel (~> 1.10)
      parser (>= 3.3.0.2)
      rainbow (>= 2.2.2, < 4.0)
      regexp_parser (>= 2.9.3, < 3.0)
      rubocop-ast (>= 1.49.0, < 2.0)
      ruby-progressbar (~> 1.7)
      unicode-display_width (>= 2.4.0, < 4.0)
    rubocop-ast (1.49.0)
      parser (>= 3.3.7.2)
      prism (~> 1.7)
    rubocop-performance (1.26.1)
      lint_roller (~> 1.1)
      rubocop (>= 1.75.0, < 2.0)
      rubocop-ast (>= 1.47.1, < 2.0)
    rubocop-rails (2.34.3)
      activesupport (>= 4.2.0)
      lint_roller (~> 1.1)
      rack (>= 1.1)
      rubocop (>= 1.75.0, < 2.0)
      rubocop-ast (>= 1.44.0, < 2.0)
    rubocop-rails-omakase (1.1.0)
      rubocop (>= 1.72)
      rubocop-performance (>= 1.24)
      rubocop-rails (>= 2.30)
    ruby-lsp (0.26.6)
      language_server-protocol (~> 3.17.0)
      prism (>= 1.2, < 2.0)
      rbs (>= 3, < 5)
    ruby-oembed (0.18.1)
    ruby-progressbar (1.13.0)
    ruby-vips (2.3.0)
      ffi (~> 1.12)
      logger
    rubyzip (2.4.1)
    safely_block (0.5.0)
    sawyer (0.9.3)
      addressable (>= 2.3.5)
      faraday (>= 0.17.3, < 3)
    securerandom (0.4.1)
    selenium-webdriver (4.10.0)
      rexml (~> 3.2, >= 3.2.5)
      rubyzip (>= 1.2.2, < 3.0)
      websocket (~> 1.0)
    simple_po_parser (1.1.6)
    simplecov (0.22.0)
      docile (~> 1.1)
      simplecov-html (~> 0.11)
      simplecov_json_formatter (~> 0.1)
    simplecov-cobertura (3.1.0)
      rexml
      simplecov (~> 0.19)
    simplecov-html (0.13.2)
    simplecov_json_formatter (0.1.4)
    solid_cable (3.0.12)
      actioncable (>= 7.2)
      activejob (>= 7.2)
      activerecord (>= 7.2)
      railties (>= 7.2)
    solid_cache (1.0.10)
      activejob (>= 7.2)
      activerecord (>= 7.2)
      railties (>= 7.2)
    solid_queue (1.3.1)
      activejob (>= 7.1)
      activerecord (>= 7.1)
      concurrent-ruby (>= 1.3.1)
      fugit (~> 1.11)
      railties (>= 7.1)
      thor (>= 1.3.1)
    spree_dev_tools (0.5.3)
      awesome_print
      brakeman
      capybara
      capybara-screenshot
      database_cleaner
      dotenv
      factory_bot
      factory_bot_rails
      ffaker
      gem-release
      github_changelog_generator
      i18n-tasks
      jsonapi-rspec
      pry
      puma
      rails-controller-testing
      rspec-activemodel-mocks
      rspec-rails
      rspec-retry
      rspec_junit_formatter
      ruby-lsp (>= 0.23.0)
      selenium-webdriver (>= 4.10)
      simplecov
      spree (>= 5.0)
      timecop
      webdrivers
    spree_extension (0.1.0)
      activerecord (>= 4.2)
      spree_core
    spree_i18n (5.3.2)
      i18n_data
      kaminari-i18n
      rails-i18n
      spree_core (>= 4.2.0.rc3)
      spree_extension
    sqids (0.2.2)
    state_machines (0.100.4)
    state_machines-activemodel (0.101.0)
      activemodel (>= 7.2)
      state_machines (>= 0.100.4)
    state_machines-activerecord (0.100.0)
      activerecord (>= 7.2)
      state_machines-activemodel (>= 0.100.0)
    stimulus-rails (1.3.4)
      railties (>= 6.0.0)
    stringex (2.8.6)
    stringio (3.2.0)
    stripe (18.3.1)
    stripe_event (2.14.0)
      activesupport (>= 3.1)
      stripe (>= 2.8, < 19)
    tailwindcss-rails (4.4.0)
      railties (>= 7.0.0)
      tailwindcss-ruby (~> 4.0)
    tailwindcss-ruby (4.1.18)
    tailwindcss-ruby (4.1.18-aarch64-linux-gnu)
    tailwindcss-ruby (4.1.18-aarch64-linux-musl)
    tailwindcss-ruby (4.1.18-arm64-darwin)
    tailwindcss-ruby (4.1.18-x86_64-darwin)
    tailwindcss-ruby (4.1.18-x86_64-linux-gnu)
    tailwindcss-ruby (4.1.18-x86_64-linux-musl)
    terminal-table (4.0.0)
      unicode-display_width (>= 1.1.1, < 4)
    thor (1.5.0)
    thruster (0.1.18)
    thruster (0.1.18-aarch64-linux)
    thruster (0.1.18-arm64-darwin)
    thruster (0.1.18-x86_64-darwin)
    thruster (0.1.18-x86_64-linux)
    timecop (0.9.10)
    timeout (0.6.0)
    tinymce-rails (6.8.6.1)
      railties (>= 3.1.1)
    traces (0.18.2)
    tracking_number (2.4.0)
      activesupport (>= 4.2.5)
      json (>= 1.8.3)
    tsort (0.2.0)
    turbo-rails (2.0.23)
      actionpack (>= 7.1.0)
      railties (>= 7.1.0)
    typelizer (0.8.0)
      benchmark
      railties (>= 6.0.0)
    tzinfo (2.0.6)
      concurrent-ruby (~> 1.0)
    unaccent (0.4.0)
    unicode-display_width (3.2.0)
      unicode-emoji (~> 4.1)
    unicode-emoji (4.2.0)
    uri (1.1.1)
    useragent (0.16.11)
    validates_zipcode (0.5.4)
      activemodel (>= 4.2.0)
    wannabe_bool (0.7.1)
    warden (1.2.9)
      rack (>= 2.0.9)
    web-console (4.2.1)
      actionview (>= 6.0.0)
      activemodel (>= 6.0.0)
      bindex (>= 0.4.0)
      railties (>= 6.0.0)
    webdrivers (5.3.1)
      nokogiri (~> 1.6)
      rubyzip (>= 1.3.0)
      selenium-webdriver (~> 4.0, < 4.11)
    websocket (1.2.11)
    websocket-driver (0.8.0)
      base64
      websocket-extensions (>= 0.1.0)
    websocket-extensions (0.1.5)
    xpath (3.2.0)
      nokogiri (~> 1.8)
    yaml (0.4.0)
    zeitwerk (2.7.4)

PLATFORMS
  aarch64-linux
  aarch64-linux-gnu
  aarch64-linux-musl
  arm-linux-gnu
  arm-linux-musl
  arm64-darwin
  x86_64-darwin
  x86_64-linux
  x86_64-linux-gnu
  x86_64-linux-musl

DEPENDENCIES
  bootsnap
  brakeman
  bundler-audit
  debug
  devise
  image_processing (~> 1.2)
  importmap-rails
  letter_opener
  listen
  pg (~> 1.1)
  propshaft
  puma (>= 5.0)
  rails (~> 8.1.2)
  rubocop-rails-omakase
  simplecov-cobertura
  solid_cable
  solid_cache
  solid_queue
  spree!
  spree_admin!
  spree_dev_tools
  spree_emails!
  spree_i18n
  spree_stripe!
  stimulus-rails
  tailwindcss-rails
  thruster
  turbo-rails
  tzinfo-data
  web-console

CHECKSUMS
  action_text-trix (2.1.16) sha256=f645a2c21821b8449fd1d6770708f4031c91a2eedf9ef476e9be93c64e703a8a
  actioncable (8.1.2) sha256=dc31efc34cca9cdefc5c691ddb8b4b214c0ea5cd1372108cbc1377767fb91969
  actionmailbox (8.1.2) sha256=058b2fb1980e5d5a894f675475fcfa45c62631103d5a2596d9610ec81581889b
  actionmailer (8.1.2) sha256=f4c1d2060f653bfe908aa7fdc5a61c0e5279670de992146582f2e36f8b9175e9
  actionpack (8.1.2) sha256=ced74147a1f0daafaa4bab7f677513fd4d3add574c7839958f7b4f1de44f8423
  actiontext (8.1.2) sha256=0bf57da22a9c19d970779c3ce24a56be31b51c7640f2763ec64aa72e358d2d2d
  actionview (8.1.2) sha256=80455b2588911c9b72cec22d240edacb7c150e800ef2234821269b2b2c3e2e5b
  active_link_to (1.0.5) sha256=4830847b3d14589df1e9fc62038ceec015257fce975ec1c2a77836c461b139ba
  active_storage_validations (1.3.0) sha256=788e4189d51c7b55049bf2825ede964baa2fe531e22a31c59f67a962ebf8d71e
  activejob (8.1.2) sha256=908dab3713b101859536375819f4156b07bdf4c232cc645e7538adb9e302f825
  activemerchant (1.137.0) sha256=fdf5e33f5c94d1981bd632d72e282c0a5afaf06bac6df3f933c08a95e98bd5ce
  activemodel (8.1.2) sha256=e21358c11ce68aed3f9838b7e464977bc007b4446c6e4059781e1d5c03bcf33e
  activerecord (8.1.2) sha256=acfbe0cadfcc50fa208011fe6f4eb01cae682ebae0ef57145ba45380c74bcc44
  activestorage (8.1.2) sha256=8a63a48c3999caeee26a59441f813f94681fc35cc41aba7ce1f836add04fba76
  activesupport (8.1.2) sha256=88842578ccd0d40f658289b0e8c842acfe9af751afee2e0744a7873f50b6fdae
  acts-as-taggable-on (13.0.0) sha256=dca776c6ddebc458d175b57554ad692488e283f27047117e01ed871f1cba6135
  acts_as_list (1.2.6) sha256=8345380900b7bee620c07ad00991ccee59af3d8c9e8574f426e321da2865fdc8
  addressable (2.8.8) sha256=7c13b8f9536cf6364c03b9d417c19986019e28f7c00ac8132da4eb0fe393b057
  alba (3.10.0) sha256=52769d2328da35c4f1bbcfe96b3931b9c8595667307a902573868b1cf6d65d79
  any_ascii (0.3.3) sha256=9bba37e4aadc7c57bc29e4bae520418416d1b69ea167d04f2aeaf9c07166f724
  ar_lazy_preload (2.1.1) sha256=47b8240fd1bdceb9a6b66f756cfdda6292bc213edf5a8be5f37299077ae7a734
  ast (2.4.3) sha256=954615157c1d6a382bc27d690d973195e79db7f55e9765ac7c481c60bdb4d383
  async (2.36.0) sha256=090623f4c65706664355c9efa6c7bfb86771a513e65cd681c51cb27747530550
  async-http (0.94.2) sha256=c5ca94b337976578904a373833abe5b8dfb466a2946af75c4ae38c409c5c78b2
  async-http-faraday (0.22.1) sha256=414c3197f32157bc0a7a187b1fb4c669097a8ef71832613eff2371c9808e9923
  async-pool (0.11.1) sha256=98e1583e199a75f7dc70f8e65fc8d0d3b28636c3f256595d43e206642ad8fbda
  awesome_nested_set (3.9.0) sha256=3ce99e816550f97f4de118e621630070aacf24928b920fe4a68846578a8daaed
  awesome_print (1.9.2) sha256=e99b32b704acff16d768b3468680793ced40bfdc4537eb07e06a4be11133786e
  base64 (0.3.0) sha256=27337aeabad6ffae05c265c450490628ef3ebd4b67be58257393227588f5a97b
  bcrypt (3.1.21) sha256=5964613d750a42c7ee5dc61f7b9336fb6caca429ba4ac9f2011609946e4a2dcf
  benchmark (0.5.0) sha256=465df122341aedcb81a2a24b4d3bd19b6c67c1530713fd533f3ff034e419236c
  bigdecimal (4.0.1) sha256=8b07d3d065a9f921c80ceaea7c9d4ae596697295b584c296fe599dd0ad01c4a7
  bindex (0.8.1) sha256=7b1ecc9dc539ed8bccfc8cb4d2732046227b09d6f37582ff12e50a5047ceb17e
  bootsnap (1.23.0) sha256=c1254f458d58558b58be0f8eb8f6eec2821456785b7cdd1e16248e2020d3f214
  brakeman (8.0.2) sha256=7b02065ce8b1de93949cefd3f2ad78e8eb370e644b95c8556a32a912a782426a
  breadcrumbs_on_rails (4.1.0) sha256=6146ecf669f6251507231028719d51d92b8f42f1f982b83a2481fa1465cb6cee
  builder (3.3.0) sha256=497918d2f9dca528fdca4b88d84e4ef4387256d984b8154e9d5d3fe5a9c8835f
  bundler-audit (0.9.3) sha256=81c8766c71e47d0d28a0f98c7eed028539f21a6ea3cd8f685eb6f42333c9b4e9
  cancancan (3.6.1) sha256=975c1d5cbf58d5df48a9452a7f61ae3d254608cd87570402f5925a8864c56b62
  capybara (3.40.0) sha256=42dba720578ea1ca65fd7a41d163dd368502c191804558f6e0f71b391054aeef
  capybara-screenshot (1.0.26) sha256=816b9370a07752097c82a05f568aaf5d3b7f45c3db5d3aab2014071e1b3c0c77
  carmen (1.1.3) sha256=970dbcb6a1743f0c7d765ebf4f0e5b59e99c4f96460baaa22e7306d5a2952e68
  chartkick (5.2.1) sha256=2848d7de87189f30f28d077eb0bbdebc8a1f0f6f81de1ded95008fe564369949
  childprocess (5.1.0) sha256=9a8d484be2fd4096a0e90a0cd3e449a05bc3aa33f8ac9e4d6dcef6ac1455b6ec
  coderay (1.1.3) sha256=dc530018a4684512f8f38143cd2a096c9f02a1fc2459edcfe534787a7fc77d4b
  concurrent-ruby (1.3.6) sha256=6b56837e1e7e5292f9864f34b69c5a2cbc75c0cf5338f1ce9903d10fa762d5ab
  connection_pool (3.0.2) sha256=33fff5ba71a12d2aa26cb72b1db8bba2a1a01823559fb01d29eb74c286e62e0a
  console (1.34.3) sha256=869fbd74697efc4c606f102d2812b0b008e4e7fd738a91c591e8577140ec0dcc
  countries (8.1.0) sha256=4d6b318b8e906f1f769d5c021c13a418d33e917dc96ceb625a91d8e7ab2d192e
  crass (1.0.6) sha256=dc516022a56e7b3b156099abc81b6d2b08ea1ed12676ac7a5657617f012bd45d
  csv (3.3.5) sha256=6e5134ac3383ef728b7f02725d9872934f523cb40b961479f69cf3afa6c8e73f
  database_cleaner (2.1.0) sha256=1dcba26e3b1576da692fc6bac10136a4744da5bcc293d248aae19640c65d89cd
  database_cleaner-active_record (2.2.2) sha256=88296b9f3088c31f7c0d4fcec10f68e4b71c96698043916de59b04debec10388
  database_cleaner-core (2.0.1) sha256=8646574c32162e59ed7b5258a97a208d3c44551b854e510994f24683865d846c
  date (3.5.1) sha256=750d06384d7b9c15d562c76291407d89e368dda4d4fff957eb94962d325a0dc0
  debug (1.11.1) sha256=2e0b0ac6119f2207a6f8ac7d4a73ca8eb4e440f64da0a3136c30343146e952b6
  devise (5.0.1) sha256=2cd2c9fc2fac746693702c60a2bc22d60270f87c3c2bdcad255ba0c4bf4d5d87
  diff-lcs (1.6.2) sha256=9ae0d2cba7d4df3075fe8cd8602a8604993efc0dfa934cff568969efb1909962
  docile (1.4.1) sha256=96159be799bfa73cdb721b840e9802126e4e03dfc26863db73647204c727f21e
  dotenv (3.2.0) sha256=e375b83121ea7ca4ce20f214740076129ab8514cd81378161f11c03853fe619d
  drb (2.2.3) sha256=0b00d6fdb50995fe4a45dea13663493c841112e4068656854646f418fda13373
  erb (6.0.1) sha256=28ecdd99c5472aebd5674d6061e3c6b0a45c049578b071e5a52c2a7f13c197e5
  erubi (1.13.1) sha256=a082103b0885dbc5ecf1172fede897f9ebdb745a4b97a5e8dc63953db1ee4ad9
  et-orbi (1.4.0) sha256=6c7e3c90779821f9e3b324c5e96fda9767f72995d6ae435b96678a4f3e2de8bc
  factory_bot (6.5.6) sha256=12beb373214dccc086a7a63763d6718c49769d5606f0501e0a4442676917e077
  factory_bot_rails (6.5.1) sha256=d3cc4851eae4dea8a665ec4a4516895045e710554d2b5ac9e68b94d351bc6d68
  faraday (2.14.1) sha256=a43cceedc1e39d188f4d2cdd360a8aaa6a11da0c407052e426ba8d3fb42ef61c
  faraday-http-cache (2.6.1) sha256=7772ae61c5fe1c0243452dec1f069b15bcc3304e9436e4f8545ccdb5963c4285
  faraday-net_http (3.4.2) sha256=f147758260d3526939bf57ecf911682f94926a3666502e24c69992765875906c
  ffaker (2.25.0) sha256=e485c5adf8195aac55662875b7f515469bca46d77b60d0e7d08db6861bcbec40
  ffi (1.17.3-aarch64-linux-gnu) sha256=28ad573df26560f0aedd8a90c3371279a0b2bd0b4e834b16a2baa10bd7a97068
  ffi (1.17.3-aarch64-linux-musl) sha256=020b33b76775b1abacc3b7d86b287cef3251f66d747092deec592c7f5df764b2
  ffi (1.17.3-arm-linux-gnu) sha256=5bd4cea83b68b5ec0037f99c57d5ce2dd5aa438f35decc5ef68a7d085c785668
  ffi (1.17.3-arm-linux-musl) sha256=0d7626bb96265f9af78afa33e267d71cfef9d9a8eb8f5525344f8da6c7d76053
  ffi (1.17.3-arm64-darwin) sha256=0c690555d4cee17a7f07c04d59df39b2fba74ec440b19da1f685c6579bb0717f
  ffi (1.17.3-x86_64-darwin) sha256=1f211811eb5cfaa25998322cdd92ab104bfbd26d1c4c08471599c511f2c00bb5
  ffi (1.17.3-x86_64-linux-gnu) sha256=3746b01f677aae7b16dc1acb7cb3cc17b3e35bdae7676a3f568153fb0e2c887f
  ffi (1.17.3-x86_64-linux-musl) sha256=086b221c3a68320b7564066f46fed23449a44f7a1935f1fe5a245bd89d9aea56
  fiber-annotation (0.2.0) sha256=7abfadf1d119f508867d4103bf231c0354d019cc39a5738945dec2edadaf6c03
  fiber-local (1.1.0) sha256=c885f94f210fb9b05737de65d511136ea602e00c5105953748aa0f8793489f06
  fiber-storage (1.0.1) sha256=f48e5b6d8b0be96dac486332b55cee82240057065dc761c1ea692b2e719240e1
  friendly_id (5.5.1) sha256=e018f2b89bfc143276fee6d378a64792385cd4fddd3d4fce501f59ec19c06207
  friendly_id-mobility (1.0.5) sha256=8c0cf4d0a1358311db1b2dcc0e4c33077ae929c7e34749485268d066adbaf2e4
  fugit (1.12.1) sha256=5898f478ede9b415f0804e42b8f3fd53f814bd85eebffceebdbc34e1107aaf68
  gem-release (2.2.4) sha256=2f11124c1580c811507c3b47e875e420cf3ed792a98105b49df11971e6e94db3
  geocoder (1.8.6) sha256=e0ca1554b499f466de9b003f7dff70f89a5888761c2ca68ed9f86b6e5e24e74c
  github_changelog_generator (1.16.4) sha256=21d2dfe41d50cf3a7ffe896774779d9d61da6aaf08d390f8ddff0dacbdf8a611
  globalid (1.3.0) sha256=05c639ad6eb4594522a0b07983022f04aa7254626ab69445a0e493aa3786ff11
  groupdate (6.7.0) sha256=beaa8d5bf3856814681914a1d4a20e77436a2214b85d0017dc2ea5c355fb6777
  highline (3.1.2) sha256=67cbd34d19f6ef11a7ee1d82ffab5d36dfd5b3be861f450fc1716c7125f4bb4a
  hightop (0.6.0) sha256=d3799d2232e4d0bc69bfd940e49832d66bcf18b7098be252a4fd65f1eb29b778
  i18n (1.14.8) sha256=285778639134865c5e0f6269e0b818256017e8cde89993fdfcbfb64d088824a5
  i18n-tasks (1.1.2) sha256=4dcfba49e52a623f30661cb316cb80d84fbba5cb8c6d88ef5e02545fffa3637a
  i18n_data (1.1.0) sha256=fb7ae43bd03ec4dc2e6e62e726aac05aa868c170ba1444c056e2ab0d872bb2ed
  image_processing (1.14.0) sha256=754cc169c9c262980889bec6bfd325ed1dafad34f85242b5a07b60af004742fb
  importmap-rails (2.2.3) sha256=7101be2a4dc97cf1558fb8f573a718404c5f6bcfe94f304bf1f39e444feeb16a
  inline_svg (1.10.0) sha256=5b652934236fd9f8adc61f3fd6e208b7ca3282698b19f28659971da84bf9a10f
  io-console (0.8.2) sha256=d6e3ae7a7cc7574f4b8893b4fca2162e57a825b223a177b7afa236c5ef9814cc
  io-endpoint (0.17.2) sha256=3feaf766c116b35839c11fac68b6aaadc47887bb488902a57bf8e1d288fb3338
  io-event (1.14.2) sha256=b0a069190eafe86005c22f7464f744971b5bd82f153740d34e6ab49548d4f613
  io-stream (0.11.1) sha256=fa5f551fcff99581c1757b9d1cee2c37b124f07d2ca4f40b756a05ab9bd21b87
  irb (1.17.0) sha256=168c4ddb93d8a361a045c41d92b2952c7a118fa73f23fe14e55609eb7a863aae
  json (2.18.1) sha256=fe112755501b8d0466b5ada6cf50c8c3f41e897fa128ac5d263ec09eedc9f986
  jsonapi-rspec (0.0.11) sha256=995f1adb59b386cc36e3f6823c828df575167586937e3e42601914c4ee650082
  jwt (3.1.2) sha256=af6991f19a6bb4060d618d9add7a66f0eeb005ac0bc017cd01f63b42e122d535
  kaminari (1.2.2) sha256=c4076ff9adccc6109408333f87b5c4abbda5e39dc464bd4c66d06d9f73442a3e
  kaminari-actionview (1.2.2) sha256=1330f6fc8b59a4a4ef6a549ff8a224797289ebf7a3a503e8c1652535287cc909
  kaminari-activerecord (1.2.2) sha256=0dd3a67bab356a356f36b3b7236bcb81cef313095365befe8e98057dd2472430
  kaminari-core (1.2.2) sha256=3bd26fec7370645af40ca73b9426a448d09b8a8ba7afa9ba3c3e0d39cdbb83ff
  kaminari-i18n (0.5.0) sha256=f20efcd31370f07eb423defdb296b8e05e48c8bc897655c636bc1b69b0fbe252
  language_server-protocol (3.17.0.5) sha256=fd1e39a51a28bf3eec959379985a72e296e9f9acfce46f6a79d31ca8760803cc
  launchy (3.1.1) sha256=72b847b5cc961589dde2c395af0108c86ff0119f42d4648d25b5440ebb10059e
  letter_opener (1.10.0) sha256=2ff33f2e3b5c3c26d1959be54b395c086ca6d44826e8bf41a14ff96fdf1bdbb2
  lint_roller (1.1.0) sha256=2c0c845b632a7d172cb849cc90c1bce937a28c5c8ccccb50dfd46a485003cc87
  listen (3.10.0) sha256=c6e182db62143aeccc2e1960033bebe7445309c7272061979bb098d03760c9d2
  local_time (3.0.3) sha256=c69a8974d993fdf6e60db02977ed23c070f203dcb3a1ff0de52ad3d2393f8303
  logger (1.7.0) sha256=196edec7cc44b66cfb40f9755ce11b392f21f7967696af15d274dde7edff0203
  loofah (2.25.0) sha256=df5ed7ac3bac6a4ec802df3877ee5cc86d027299f8952e6243b3dac446b060e6
  mail (2.9.0) sha256=6fa6673ecd71c60c2d996260f9ee3dd387d4673b8169b502134659ece6d34941
  mapkick-rb (0.2.0) sha256=c70da2e1edc56da290ccab51fd932ee5b1c562fe9f7877de0333b5562937e28e
  marcel (1.1.0) sha256=fdcfcfa33cc52e93c4308d40e4090a5d4ea279e160a7f6af988260fa970e0bee
  matrix (0.4.3) sha256=a0d5ab7ddcc1973ff690ab361b67f359acbb16958d1dc072b8b956a286564c5b
  method_source (1.1.0) sha256=181301c9c45b731b4769bc81e8860e72f9161ad7d66dd99103c9ab84f560f5c5
  metrics (0.15.0) sha256=61ded5bac95118e995b1bc9ed4a5f19bc9814928a312a85b200abbdac9039072
  mini_magick (5.3.1) sha256=29395dfd76badcabb6403ee5aff6f681e867074f8f28ce08d78661e9e4a351c4
  mini_mime (1.1.5) sha256=8681b7e2e4215f2a159f9400b5816d85e9d8c6c6b491e96a12797e798f8bccef
  minitest (6.0.1) sha256=7854c74f48e2e975969062833adc4013f249a4b212f5e7b9d5c040bf838d54bb
  mobility (1.3.2) sha256=32fbbb0e53118ef42de20daa6ac94dbb758c628874092eba311b968a1e1d757b
  mobility-actiontext (1.1.1) sha256=98f8fb9f2d8aa49fce1814eefb2ad8060efdfb89167bc5bd864da0bdd858127d
  mobility-ransack (1.2.2) sha256=8b480ce5bc4937abc37c17b9922d7e41b8a7064a3207b3a64e5aa71e0cb3332b
  monetize (1.13.0) sha256=0c1f8ae28aa21bbf1a6d014138d9bb0a5ce756c1a99b8b7f7d409c258b01d3b3
  money (6.19.0) sha256=ec936fa1e42f2783719241ed9fd52725d0efa628f928feea1eb5c37d5de7daf3
  msgpack (1.8.0) sha256=e64ce0212000d016809f5048b48eb3a65ffb169db22238fb4b72472fecb2d732
  multi_json (1.19.1) sha256=7aefeff8f2c854bf739931a238e4aea64592845e0c0395c8a7d2eea7fdd631b7
  name_of_person (1.1.3) sha256=e12291250987ef79c413314f698f15d53e7a602c42231de99c276ef9585bc18c
  net-http (0.9.1) sha256=25ba0b67c63e89df626ed8fac771d0ad24ad151a858af2cc8e6a716ca4336996
  net-imap (0.6.3) sha256=9bab75f876596d09ee7bf911a291da478e0cd6badc54dfb82874855ccc82f2ad
  net-pop (0.1.2) sha256=848b4e982013c15b2f0382792268763b748cce91c9e91e36b0f27ed26420dff3
  net-protocol (0.2.2) sha256=aa73e0cba6a125369de9837b8d8ef82a61849360eba0521900e2c3713aa162a8
  net-smtp (0.5.1) sha256=ed96a0af63c524fceb4b29b0d352195c30d82dd916a42f03c62a3a70e5b70736
  nio4r (2.7.5) sha256=6c90168e48fb5f8e768419c93abb94ba2b892a1d0602cb06eef16d8b7df1dca1
  nokogiri (1.19.1-aarch64-linux-gnu) sha256=cfdb0eafd9a554a88f12ebcc688d2b9005f9fce42b00b970e3dc199587b27f32
  nokogiri (1.19.1-aarch64-linux-musl) sha256=1e2150ab43c3b373aba76cd1190af7b9e92103564063e48c474f7600923620b5
  nokogiri (1.19.1-arm-linux-gnu) sha256=0a39ed59abe3bf279fab9dd4c6db6fe8af01af0608f6e1f08b8ffa4e5d407fa3
  nokogiri (1.19.1-arm-linux-musl) sha256=3a18e559ee499b064aac6562d98daab3d39ba6cbb4074a1542781b2f556db47d
  nokogiri (1.19.1-arm64-darwin) sha256=dfe2d337e6700eac47290407c289d56bcf85805d128c1b5a6434ddb79731cb9e
  nokogiri (1.19.1-x86_64-darwin) sha256=7093896778cc03efb74b85f915a775862730e887f2e58d6921e3fa3d981e68bf
  nokogiri (1.19.1-x86_64-linux-gnu) sha256=1a4902842a186b4f901078e692d12257678e6133858d0566152fe29cdb98456a
  nokogiri (1.19.1-x86_64-linux-musl) sha256=4267f38ad4fc7e52a2e7ee28ed494e8f9d8eb4f4b3320901d55981c7b995fc23
  octokit (4.25.1) sha256=c02092ee82dcdfe84db0e0ea630a70d32becc54245a4f0bacfd21c010df09b96
  oj (3.16.15) sha256=4d3324cac3e8fef54c0fa250b2af26a16dadd9f9788a1d6b1b2098b793a1b2cd
  orm_adapter (0.5.0) sha256=aa5d0be5d540cbb46d3a93e88061f4ece6a25f6e97d6a47122beb84fe595e9b9
  ostruct (0.6.3) sha256=95a2ed4a4bd1d190784e666b47b2d3f078e4a9efda2fccf18f84ddc6538ed912
  pagy (43.2.10) sha256=494539ede5ca15e8a59c621f6ea89233cd0e3e142e34b2d9b2726b6dd14bc980
  parallel (1.27.0) sha256=4ac151e1806b755fb4e2dc2332cbf0e54f2e24ba821ff2d3dcf86bf6dc4ae130
  paranoia (3.1.0) sha256=36574a46e8df663d0da7d9008e987b72a6a9eccee13c058b7094acc810e39f52
  parser (3.3.10.2) sha256=6f60c84aa4bdcedb6d1a2434b738fe8a8136807b6adc8f7f53b97da9bc4e9357
  pg (1.6.3) sha256=1388d0563e13d2758c1089e35e973a3249e955c659592d10e5b77c468f628a99
  pg (1.6.3-aarch64-linux) sha256=0698ad563e02383c27510b76bf7d4cd2de19cd1d16a5013f375dd473e4be72ea
  pg (1.6.3-aarch64-linux-musl) sha256=06a75f4ea04b05140146f2a10550b8e0d9f006a79cdaf8b5b130cde40e3ecc2c
  pg (1.6.3-arm64-darwin) sha256=7240330b572e6355d7c75a7de535edb5dfcbd6295d9c7777df4d9dddfb8c0e5f
  pg (1.6.3-x86_64-darwin) sha256=ee2e04a17c0627225054ffeb43e31a95be9d7e93abda2737ea3ce4a62f2729d6
  pg (1.6.3-x86_64-linux) sha256=5d9e188c8f7a0295d162b7b88a768d8452a899977d44f3274d1946d67920ae8d
  pg (1.6.3-x86_64-linux-musl) sha256=9c9c90d98c72f78eb04c0f55e9618fe55d1512128e411035fe229ff427864009
  phonelib (0.10.16) sha256=719c4cc099cd2f356bdadb1a3bccbadd1c67fe332e96a9b3028525e44c425fea
  pp (0.6.3) sha256=2951d514450b93ccfeb1df7d021cae0da16e0a7f95ee1e2273719669d0ab9df6
  prettyprint (0.2.0) sha256=2bc9e15581a94742064a3cc8b0fb9d45aae3d03a1baa6ef80922627a0766f193
  prism (1.9.0) sha256=7b530c6a9f92c24300014919c9dcbc055bf4cdf51ec30aed099b06cd6674ef85
  propshaft (1.3.1) sha256=9acc664ef67e819ffa3d95bd7ad4c3623ea799110c5f4dee67fa7e583e74c392
  protocol-hpack (1.5.1) sha256=6feca238b8078da1cd295677d6f306c6001af92d75fe0643d33e6956cbc3ad91
  protocol-http (0.59.0) sha256=90e20ad817cb3ffe947d4fd6194fe0651f385625dcce055386d1c356ee32547b
  protocol-http1 (0.37.0) sha256=5bdd739e28792b341134596f6f5ab21a9d4b395f67bae69e153743eb0e69d123
  protocol-http2 (0.24.0) sha256=65327a019b7e36d2774e94050bf57a43bb60212775d2fcf02ae1d2ed4f01ef28
  protocol-url (0.4.0) sha256=64d4c03b6b51ad815ac6fdaf77a1d91e5baf9220d26becb846c5459dacdea9e1
  pry (0.16.0) sha256=d76c69065698ed1f85e717bd33d7942c38a50868f6b0673c636192b3d1b6054e
  psych (5.3.1) sha256=eb7a57cef10c9d70173ff74e739d843ac3b2c019a003de48447b2963d81b1974
  public_suffix (7.0.2) sha256=9114090c8e4e7135c1fd0e7acfea33afaab38101884320c65aaa0ffb8e26a857
  puma (7.2.0) sha256=bf8ef4ab514a4e6d4554cb4326b2004eba5036ae05cf765cfe51aba9706a72a8
  raabro (1.4.0) sha256=d4fa9ff5172391edb92b242eed8be802d1934b1464061ae5e70d80962c5da882
  racc (1.8.1) sha256=4a7f6929691dbec8b5209a0b373bc2614882b55fc5d2e447a21aaa691303d62f
  rack (3.2.5) sha256=4cbd0974c0b79f7a139b4812004a62e4c60b145cba76422e288ee670601ed6d3
  rack-session (2.1.1) sha256=0b6dc07dea7e4b583f58a48e8b806d4c9f1c6c9214ebc202ec94562cbea2e4e9
  rack-test (2.2.0) sha256=005a36692c306ac0b4a9350355ee080fd09ddef1148a5f8b2ac636c720f5c463
  rackup (2.3.1) sha256=6c79c26753778e90983761d677a48937ee3192b3ffef6bc963c0950f94688868
  rails (8.1.2) sha256=5069061b23dfa8706b9f0159ae8b9d35727359103178a26962b868a680ba7d95
  rails-controller-testing (1.0.5) sha256=741448db59366073e86fc965ba403f881c636b79a2c39a48d0486f2607182e94
  rails-dom-testing (2.3.0) sha256=8acc7953a7b911ca44588bf08737bc16719f431a1cc3091a292bca7317925c1d
  rails-html-sanitizer (1.6.2) sha256=35fce2ca8242da8775c83b6ba9c1bcaad6751d9eb73c1abaa8403475ab89a560
  rails-i18n (8.1.0) sha256=52d5fd6c0abef28d84223cc05647f6ae0fd552637a1ede92deee9545755b6cf3
  railties (8.1.2) sha256=1289ece76b4f7668fc46d07e55cc992b5b8751f2ad85548b7da351b8c59f8055
  rainbow (3.1.1) sha256=039491aa3a89f42efa1d6dec2fc4e62ede96eb6acd95e52f1ad581182b79bc6a
  rake (13.3.1) sha256=8c9e89d09f66a26a01264e7e3480ec0607f0c497a861ef16063604b1b08eb19c
  ransack (4.4.1) sha256=6aeaac36fc19088570e10da1044e6cfd88c740e20f871b84566fd30e32b7a63d
  rb-fsevent (0.11.2) sha256=43900b972e7301d6570f64b850a5aa67833ee7d87b458ee92805d56b7318aefe
  rb-inotify (0.11.1) sha256=a0a700441239b0ff18eb65e3866236cd78613d6b9f78fea1f9ac47a85e47be6e
  rbs (3.10.3) sha256=70627f3919016134d554e6c99195552ae3ef6020fe034c8e983facc9c192daa6
  rdoc (7.2.0) sha256=8650f76cd4009c3b54955eb5d7e3a075c60a57276766ebf36f9085e8c9f23192
  regexp_parser (2.11.3) sha256=ca13f381a173b7a93450e53459075c9b76a10433caadcb2f1180f2c741fc55a4
  reline (0.6.3) sha256=1198b04973565b36ec0f11542ab3f5cfeeec34823f4e54cebde90968092b1835
  request_store (1.7.0) sha256=e1b75d5346a315f452242a68c937ef8e48b215b9453a77a6c0acdca2934c88cb
  responders (3.2.0) sha256=89c2d6ac0ae16f6458a11524cae4a8efdceba1a3baea164d28ee9046bd3df55a
  rexml (3.4.4) sha256=19e0a2c3425dfbf2d4fc1189747bdb2f849b6c5e74180401b15734bc97b5d142
  rspec-activemodel-mocks (1.3.0) sha256=b51b111b726370a20a2103a8a6851296783a70d2b0bd0287bfa24d293f58d76e
  rspec-core (3.13.6) sha256=a8823c6411667b60a8bca135364351dda34cd55e44ff94c4be4633b37d828b2d
  rspec-expectations (3.13.5) sha256=33a4d3a1d95060aea4c94e9f237030a8f9eae5615e9bd85718fe3a09e4b58836
  rspec-mocks (3.13.7) sha256=0979034e64b1d7a838aaaddf12bf065ea4dc40ef3d4c39f01f93ae2c66c62b1c
  rspec-rails (8.0.3) sha256=b0a440e7a10700317d898a014852e26660867298c4076dbc3baa99c768b79dc1
  rspec-retry (0.6.2) sha256=6101ba23a38809811ae3484acde4ab481c54d846ac66d5037ccb40131a60d858
  rspec-support (3.13.7) sha256=0640e5570872aafefd79867901deeeeb40b0c9875a36b983d85f54fb7381c47c
  rspec_junit_formatter (0.6.0) sha256=40dde674e6ae4e6cc0ff560da25497677e34fefd2338cc467a8972f602b62b15
  rubocop (1.84.2) sha256=5692cea54168f3dc8cb79a6fe95c5424b7ea893c707ad7a4307b0585e88dbf5f
  rubocop-ast (1.49.0) sha256=49c3676d3123a0923d333e20c6c2dbaaae2d2287b475273fddee0c61da9f71fd
  rubocop-performance (1.26.1) sha256=cd19b936ff196df85829d264b522fd4f98b6c89ad271fa52744a8c11b8f71834
  rubocop-rails (2.34.3) sha256=10d37989024865ecda8199f311f3faca990143fbac967de943f88aca11eb9ad2
  rubocop-rails-omakase (1.1.0) sha256=2af73ac8ee5852de2919abbd2618af9c15c19b512c4cfc1f9a5d3b6ef009109d
  ruby-lsp (0.26.6) sha256=1f50b21cb300586d7742190fc8446c18387f488aa0e9d276cf2bc7f3684ccda2
  ruby-oembed (0.18.1) sha256=877b87b3d98e8137599044277fdb82a5536973bd9df68a93129163b781ae3a5f
  ruby-progressbar (1.13.0) sha256=80fc9c47a9b640d6834e0dc7b3c94c9df37f08cb072b7761e4a71e22cff29b33
  ruby-vips (2.3.0) sha256=e685ec02c13969912debbd98019e50492e12989282da5f37d05f5471442f5374
  rubyzip (2.4.1) sha256=8577c88edc1fde8935eb91064c5cb1aef9ad5494b940cf19c775ee833e075615
  safely_block (0.5.0) sha256=782c342bc400a79c1233c40cf8c379da6116c6cfd1d7c1f17f0ef2ef11090103
  sawyer (0.9.3) sha256=0d0f19298408047037638639fe62f4794483fb04320269169bd41af2bdcf5e41
  securerandom (0.4.1) sha256=cc5193d414a4341b6e225f0cb4446aceca8e50d5e1888743fac16987638ea0b1
  selenium-webdriver (4.10.0) sha256=a322af38f9a8966a6c3ab85c365b08c5556cdef72f577905b2b42469faee9d43
  simple_po_parser (1.1.6) sha256=122687d44d3de516a0e69e2f383a4180f5015e8c5ed5a7f2258f2b376f64cbf3
  simplecov (0.22.0) sha256=fe2622c7834ff23b98066bb0a854284b2729a569ac659f82621fc22ef36213a5
  simplecov-cobertura (3.1.0) sha256=6d7f38aa32c965ca2174b2e5bd88cb17138eaf629518854976ac50e628925dc5
  simplecov-html (0.13.2) sha256=bd0b8e54e7c2d7685927e8d6286466359b6f16b18cb0df47b508e8d73c777246
  simplecov_json_formatter (0.1.4) sha256=529418fbe8de1713ac2b2d612aa3daa56d316975d307244399fa4838c601b428
  solid_cable (3.0.12) sha256=a168a54731a455d5627af48d8441ea3b554b8c1f6e6cd6074109de493e6b0460
  solid_cache (1.0.10) sha256=bc05a2fb3ac78a6f43cbb5946679cf9db67dd30d22939ededc385cb93e120d41
  solid_queue (1.3.1) sha256=d9580111180c339804ff1a810a7768f69f5dc694d31e86cf1535ff2cd7a87428
  spree (5.4.0.alpha)
  spree_admin (5.4.0.alpha)
  spree_api (5.4.0.alpha)
  spree_core (5.4.0.alpha)
  spree_dev_tools (0.5.3) sha256=64ae7b215ac5d5c5f5890f6fc0dbcb12882b9af305a860f36f95f564ec240a75
  spree_emails (5.4.0.alpha)
  spree_extension (0.1.0) sha256=b648327f4787295e051be4ea0c0a47baec47c2e245bca9c93ecf73605fc3a051
  spree_i18n (5.3.2) sha256=03b805235ca156644951f6bc3d07cbe43d0aa01134c4a27e3f3304011956f79b
  spree_stripe (1.5.1)
  sqids (0.2.2) sha256=c2d31e0dfb6c32d17c10b59df059a299af93bef716d700ff70d77156df702d36
  state_machines (0.100.4) sha256=dd4e555ebb061569dd8fe18a5f39b51d10be6306b89a0c315a9697671d752565
  state_machines-activemodel (0.101.0) sha256=6798c6bf5aa4be2b1a00ca633949c999ebee7a148bd4ea8f6858b189e2cdf72d
  state_machines-activerecord (0.100.0) sha256=b2213f74f3f32c6d92de5139e8898bc64a0ffb3f048df7d950ce27e28384beb5
  stimulus-rails (1.3.4) sha256=765676ffa1f33af64ce026d26b48e8ffb2e0b94e0f50e9119e11d6107d67cb06
  stringex (2.8.6) sha256=c7b382d2b2a47a1e1646f256df201c48d487d6296fbb289d76802f67f5e929c4
  stringio (3.2.0) sha256=c37cb2e58b4ffbd33fe5cd948c05934af997b36e0b6ca6fdf43afa234cf222e1
  stripe (18.3.1) sha256=0ff81b277c87640fc5107815dd489f4cccc973a34940cf5adfefb880f456c1ad
  stripe_event (2.14.0) sha256=aa9e5103030745bbef2177938395fefbf2c3f961622c3dfa9a6c3fa4548da075
  tailwindcss-rails (4.4.0) sha256=efa2961351a52acebe616e645a81a30bb4f27fde46cc06ce7688d1cd1131e916
  tailwindcss-ruby (4.1.18) sha256=b62fad5b00494e92987ee319dfb5c5ad272f0ed93649963d62f08d2ba0f03fa7
  tailwindcss-ruby (4.1.18-aarch64-linux-gnu) sha256=e10f9560bccddbb4955fd535b3bcc8c7071a7df07404dd473a23fa791ec4e46b
  tailwindcss-ruby (4.1.18-aarch64-linux-musl) sha256=3c8426674718a2c98a0649c825ac0b3286ff52acd0b4052d7d19126cd74904f3
  tailwindcss-ruby (4.1.18-arm64-darwin) sha256=f940531d5a030c566d3d616004235bcd4c361abdd328f7d6c7e3a953a32e0155
  tailwindcss-ruby (4.1.18-x86_64-darwin) sha256=6a82115b606a6f748c600c666a19c16ee28f5736217af8d0c20cee5abe1ce2f7
  tailwindcss-ruby (4.1.18-x86_64-linux-gnu) sha256=e0a2220163246fe0126c5c5bafb95bc6206e7d21fce2a2878fd9c9a359137534
  tailwindcss-ruby (4.1.18-x86_64-linux-musl) sha256=d957cf545b09d2db7eb6267450cc1fc589e126524066537a0c4d5b99d701f4b2
  terminal-table (4.0.0) sha256=f504793203f8251b2ea7c7068333053f0beeea26093ec9962e62ea79f94301d2
  thor (1.5.0) sha256=e3a9e55fe857e44859ce104a84675ab6e8cd59c650a49106a05f55f136425e73
  thruster (0.1.18) sha256=f025103bc7c8e6747436bb9de058c366840d2871560574ea7070a9bc8608a889
  thruster (0.1.18-aarch64-linux) sha256=16f3d49468d76a9a5de86b7bdedf535b7b80da7c16495ca8ec96cfdc256870e2
  thruster (0.1.18-arm64-darwin) sha256=8b297797a354ec6a81ea156b44279b66bff8da2404112f70f4ec515c2f276cc2
  thruster (0.1.18-x86_64-darwin) sha256=355b6c0ee30ead7f7096448de4f0f9e8acc8454d2ef24b2d54965c5d813f1c67
  thruster (0.1.18-x86_64-linux) sha256=0ec1ff5f12289c1ac10cf8e28ce6b5266f4e73416b34a664b79d037c7d955c40
  timecop (0.9.10) sha256=12ba45ce57cdcf6b1043cb6cdffa6381fd89ce10d369c28a7f6f04dc1b0cd8eb
  timeout (0.6.0) sha256=6d722ad619f96ee383a0c557ec6eb8c4ecb08af3af62098a0be5057bf00de1af
  tinymce-rails (6.8.6.1) sha256=b249fccfb300d8cdb361a443e859d6b45ec6d7bbd1466817008ee0af2a3d516c
  traces (0.18.2) sha256=80f1649cb4daace1d7174b81f3b3b7427af0b93047759ba349960cb8f315e214
  tracking_number (2.4.0) sha256=2a4c6b39cbdfc8326c234626556da1e269c8dfe33478786bea93461331c247ff
  tsort (0.2.0) sha256=9650a793f6859a43b6641671278f79cfead60ac714148aabe4e3f0060480089f
  turbo-rails (2.0.23) sha256=ee0d90733aafff056cf51ff11e803d65e43cae258cc55f6492020ec1f9f9315f
  typelizer (0.8.0) sha256=6be5d008c146fd9579d028b77853918fc4d42992ff54458bb08d983a252a4a2d
  tzinfo (2.0.6) sha256=8daf828cc77bcf7d63b0e3bdb6caa47e2272dcfaf4fbfe46f8c3a9df087a829b
  unaccent (0.4.0) sha256=d9278230016edc5317c053f8e84c1e1dea6827dec028e5481e2294a4e11e7333
  unicode-display_width (3.2.0) sha256=0cdd96b5681a5949cdbc2c55e7b420facae74c4aaf9a9815eee1087cb1853c42
  unicode-emoji (4.2.0) sha256=519e69150f75652e40bf736106cfbc8f0f73aa3fb6a65afe62fefa7f80b0f80f
  uri (1.1.1) sha256=379fa58d27ffb1387eaada68c749d1426738bd0f654d812fcc07e7568f5c57c6
  useragent (0.16.11) sha256=700e6413ad4bb954bb63547fa098dddf7b0ebe75b40cc6f93b8d54255b173844
  validates_zipcode (0.5.4) sha256=fc2a064bed9303fa2fda36f730367a4d5d95a8f4c74baa1aae2b80119da8cc0f
  wannabe_bool (0.7.1) sha256=838ef671066868424de888fb22eeae57c7012709aabd5d17141ea6fea964c61f
  warden (1.2.9) sha256=46684f885d35a69dbb883deabf85a222c8e427a957804719e143005df7a1efd0
  web-console (4.2.1) sha256=e7bcf37a10ea2b4ec4281649d1cee461b32232d0a447e82c786e6841fd22fe20
  webdrivers (5.3.1) sha256=d7d5531fbc3c44b6a2a7710e3e6c5edc54f35c68af20017309e3eccf15ec4aa5
  websocket (1.2.11) sha256=b7e7a74e2410b5e85c25858b26b3322f29161e300935f70a0e0d3c35e0462737
  websocket-driver (0.8.0) sha256=ed0dba4b943c22f17f9a734817e808bc84cdce6a7e22045f5315aa57676d4962
  websocket-extensions (0.1.5) sha256=1c6ba63092cda343eb53fc657110c71c754c56484aad42578495227d717a8241
  xpath (3.2.0) sha256=6dfda79d91bb3b949b947ecc5919f042ef2f399b904013eb3ef6d20dd3a4082e
  yaml (0.4.0) sha256=240e69d1e6ce3584d6085978719a0faa6218ae426e034d8f9b02fb54d3471942
  zeitwerk (2.7.4) sha256=2bef90f356bdafe9a6c2bd32bcd804f83a4f9b8bc27f3600fff051eb3edcec8b

BUNDLED WITH
  4.0.3
